# This file is autogenerated, do not edit; changes may be undone by the next 'dep ensure'.


[[projects]]
  branch = "master"
  name = "github.com/golang/glog"
  packages = ["."]
  revision = "23def4e6c14b4da8ac2ed8007337bc5eb5007998"

[[projects]]
  branch = "master"
  name = "github.com/zeebo/bencode"
  packages = ["."]
  revision = "03ce512f17ce5deb2c024518d504c6419f04d39d"

[solve-meta]
  analyzer-name = "dep"
  analyzer-version = 1
  inputs-digest = "a14725729d118c86f6ce5a40e70824297e64fa2be83f64e5f4e2424dd9aa5f62"
  solver-name = "gps-cdcl"
  solver-version = 1
